
Microsoft Visual Studio Solution File, Format Version 12.00
# Visual Studio 15
VisualStudioVersion = 15.0.28010.2041
MinimumVisualStudioVersion = 10.0.40219.1
Project("{FAE04EC0-301F-11D3-BF4B-00C04F79EFBC}") = "TwitterApi", "TwitterApi\TwitterApi.csproj", "{A24AE7ED-FE71-4FB9-8C57-BB40BBA3EBCE}"
EndProject
Global
	GlobalSection(SolutionConfigurationPlatforms) = preSolution
		Debug|Any CPU = Debug|Any CPU
		Release|Any CPU = Release|Any CPU
	EndGlobalSection
	GlobalSection(ProjectConfigurationPlatforms) = postSolution
		{A24AE7ED-FE71-4FB9-8C57-BB40BBA3EBCE}.Debug|Any CPU.ActiveCfg = Debug|Any CPU
		{A24AE7ED-FE71-4FB9-8C57-BB40BBA3EBCE}.Debug|Any CPU.Build.0 = Debug|Any CPU
		{A24AE7ED-FE71-4FB9-8C57-BB40BBA3EBCE}.Release|Any CPU.ActiveCfg = Release|Any CPU
		{A24AE7ED-FE71-4FB9-8C57-BB40BBA3EBCE}.Release|Any CPU.Build.0 = Release|Any CPU
	EndGlobalSection
	GlobalSection(SolutionProperties) = preSolution
		HideSolutionNode = FALSE
	EndGlobalSection
	GlobalSection(ExtensibilityGlobals) = postSolution
		SolutionGuid = {36CF9623-0400-4C84-9ED6-7EA1372B850F}
	EndGlobalSection
EndGlobal
